
Microsoft Visual Studio Solution File, Format Version 12.00
# Visual Studio Version 17
VisualStudioVersion = 17.11.35431.28
MinimumVisualStudioVersion = 10.0.40219.1
Project("{FAE04EC0-301F-11D3-BF4B-00C04F79EFBC}") = "MediaLibraryApp", "MediaLibraryApp.csproj", "{01BF9C0D-5D6A-4309-BD63-0E25BB8D132B}"
EndProject
Global
	GlobalSection(SolutionConfigurationPlatforms) = preSolution
		Debug|Any CPU = Debug|Any CPU
		Release|Any CPU = Release|Any CPU
	EndGlobalSection
	GlobalSection(ProjectConfigurationPlatforms) = postSolution
		{01BF9C0D-5D6A-4309-BD63-0E25BB8D132B}.Debug|Any CPU.ActiveCfg = Debug|Any CPU
		{01BF9C0D-5D6A-4309-BD63-0E25BB8D132B}.Debug|Any CPU.Build.0 = Debug|Any CPU
		{01BF9C0D-5D6A-4309-BD63-0E25BB8D132B}.Release|Any CPU.ActiveCfg = Release|Any CPU
		{01BF9C0D-5D6A-4309-BD63-0E25BB8D132B}.Release|Any CPU.Build.0 = Release|Any CPU
	EndGlobalSection
	GlobalSection(SolutionProperties) = preSolution
		HideSolutionNode = FALSE
	EndGlobalSection
	GlobalSection(ExtensibilityGlobals) = postSolution
		SolutionGuid = {C20147E9-187D-460A-AC63-1FFA9BF35AAF}
	EndGlobalSection
EndGlobal
